
Microsoft Visual Studio Solution File, Format Version 12.00
# Visual Studio Version 17
VisualStudioVersion = 17.0.31912.275
MinimumVisualStudioVersion = 10.0.40219.1
Project("{FAE04EC0-301F-11D3-BF4B-00C04F79EFBC}") = "TemplateGenerator", "TemplateGenerator\TemplateGenerator.csproj", "{2EC2D563-F516-4C7F-A380-C7F20DA58115}"
EndProject
Global
	GlobalSection(SolutionConfigurationPlatforms) = preSolution
		Debug|Any CPU = Debug|Any CPU
		Release|Any CPU = Release|Any CPU
	EndGlobalSection
	GlobalSection(ProjectConfigurationPlatforms) = postSolution
		{2EC2D563-F516-4C7F-A380-C7F20DA58115}.Debug|Any CPU.ActiveCfg = Debug|Any CPU
		{2EC2D563-F516-4C7F-A380-C7F20DA58115}.Debug|Any CPU.Build.0 = Debug|Any CPU
		{2EC2D563-F516-4C7F-A380-C7F20DA58115}.Release|Any CPU.ActiveCfg = Release|Any CPU
		{2EC2D563-F516-4C7F-A380-C7F20DA58115}.Release|Any CPU.Build.0 = Release|Any CPU
	EndGlobalSection
	GlobalSection(SolutionProperties) = preSolution
		HideSolutionNode = FALSE
	EndGlobalSection
	GlobalSection(ExtensibilityGlobals) = postSolution
		SolutionGuid = {1D19370B-FA9F-4D53-9966-0160E572D963}
	EndGlobalSection
EndGlobal
